
Microsoft Visual Studio Solution File, Format Version 12.00
# Visual Studio Version 17
VisualStudioVersion = 17.0.31903.59
MinimumVisualStudioVersion = 10.0.40219.1
Project("{2150E333-8FDC-42A3-9474-1A3956D46DE8}") = "src", "src", "{3D8F0B5B-7FC7-4E97-9B29-4DEB9E337EF0}"
EndProject
Project("{FAE04EC0-301F-11D3-BF4B-00C04F79EFBC}") = "aica", "src\aica\aica.csproj", "{2445AC43-CB31-4722-92F4-71003C6BCDF7}"
EndProject
Global
	GlobalSection(SolutionConfigurationPlatforms) = preSolution
		Debug|Any CPU = Debug|Any CPU
		Release|Any CPU = Release|Any CPU
	EndGlobalSection
	GlobalSection(SolutionProperties) = preSolution
		HideSolutionNode = FALSE
	EndGlobalSection
	GlobalSection(ProjectConfigurationPlatforms) = postSolution
		{2445AC43-CB31-4722-92F4-71003C6BCDF7}.Debug|Any CPU.ActiveCfg = Debug|Any CPU
		{2445AC43-CB31-4722-92F4-71003C6BCDF7}.Debug|Any CPU.Build.0 = Debug|Any CPU
		{2445AC43-CB31-4722-92F4-71003C6BCDF7}.Release|Any CPU.ActiveCfg = Release|Any CPU
		{2445AC43-CB31-4722-92F4-71003C6BCDF7}.Release|Any CPU.Build.0 = Release|Any CPU
	EndGlobalSection
	GlobalSection(NestedProjects) = preSolution
		{2445AC43-CB31-4722-92F4-71003C6BCDF7} = {3D8F0B5B-7FC7-4E97-9B29-4DEB9E337EF0}
	EndGlobalSection
EndGlobal
